
Microsoft Visual Studio Solution File, Format Version 12.00
# Visual Studio Version 17
VisualStudioVersion = 17.5.002.0
MinimumVisualStudioVersion = 10.0.40219.1
Project("{9A19103F-16F7-4668-BE54-9A1E7A4F7556}") = "Ceng382_23_24_s_202111013", "Ceng382_23_24_s_202111013.csproj", "{B0391357-1C8A-4E7E-AFE0-E9CF036D2625}"
EndProject
Global
	GlobalSection(SolutionConfigurationPlatforms) = preSolution
		Debug|Any CPU = Debug|Any CPU
		Release|Any CPU = Release|Any CPU
	EndGlobalSection
	GlobalSection(ProjectConfigurationPlatforms) = postSolution
		{B0391357-1C8A-4E7E-AFE0-E9CF036D2625}.Debug|Any CPU.ActiveCfg = Debug|Any CPU
		{B0391357-1C8A-4E7E-AFE0-E9CF036D2625}.Debug|Any CPU.Build.0 = Debug|Any CPU
		{B0391357-1C8A-4E7E-AFE0-E9CF036D2625}.Release|Any CPU.ActiveCfg = Release|Any CPU
		{B0391357-1C8A-4E7E-AFE0-E9CF036D2625}.Release|Any CPU.Build.0 = Release|Any CPU
	EndGlobalSection
	GlobalSection(SolutionProperties) = preSolution
		HideSolutionNode = FALSE
	EndGlobalSection
	GlobalSection(ExtensibilityGlobals) = postSolution
		SolutionGuid = {6FBA234A-20F6-4EFD-BEED-AB3E52B612FC}
	EndGlobalSection
EndGlobal
